// !$*UTF8*$!
{
	archiveVersion = 1;
	classes = {
	};
	objectVersion = 56;
	objects = {

/* Begin PBXBuildFile section */
		1496D26F2C2ED98E00BE5F88 /* AppDelegate.swift in Sources */ = {isa = PBXBuildFile; fileRef = 1496D26E2C2ED98E00BE5F88 /* AppDelegate.swift */; };
		1496D2712C2ED98E00BE5F88 /* SceneDelegate.swift in Sources */ = {isa = PBXBuildFile; fileRef = 1496D2702C2ED98E00BE5F88 /* SceneDelegate.swift */; };
		1496D2732C2ED98E00BE5F88 /* ViewController.swift in Sources */ = {isa = PBXBuildFile; fileRef = 1496D2722C2ED98E00BE5F88 /* ViewController.swift */; };
		1496D2762C2ED98E00BE5F88 /* Base in Resources */ = {isa = PBXBuildFile; fileRef = 1496D2752C2ED98E00BE5F88 /* Base */; };
		1496D2782C2ED98F00BE5F88 /* Assets.xcassets in Resources */ = {isa = PBXBuildFile; fileRef = 1496D2772C2ED98F00BE5F88 /* Assets.xcassets */; };
		1496D27B2C2ED98F00BE5F88 /* Base in Resources */ = {isa = PBXBuildFile; fileRef = 1496D27A2C2ED98F00BE5F88 /* Base */; };
		14D70B8D2C2EDABB00262F66 /* MoneyActionsViewController.swift in Sources */ = {isa = PBXBuildFile; fileRef = 14D70B8C2C2EDABB00262F66 /* MoneyActionsViewController.swift */; };
		14D70B8F2C2EDB5500262F66 /* CustomTableViewCell.swift in Sources */ = {isa = PBXBuildFile; fileRef = 14D70B8E2C2EDB5500262F66 /* CustomTableViewCell.swift */; };
		14D70B912C2EDBB700262F66 /* Model.swift in Sources */ = {isa = PBXBuildFile; fileRef = 14D70B902C2EDBB700262F66 /* Model.swift */; };
		A75234B738E02E72D773D858 /* Pods_BankApp2.framework in Frameworks */ = {isa = PBXBuildFile; fileRef = A4714EE0FDAF3F1F909973E2 /* Pods_BankApp2.framework */; };
/* End PBXBuildFile section */

/* Begin PBXFileReference section */
		1496D26B2C2ED98E00BE5F88 /* BankApp2.app */ = {isa = PBXFileReference; explicitFileType = wrapper.application; includeInIndex = 0; path = BankApp2.app; sourceTree = BUILT_PRODUCTS_DIR; };
		1496D26E2C2ED98E00BE5F88 /* AppDelegate.swift */ = {isa = PBXFileReference; lastKnownFileType = sourcecode.swift; path = AppDelegate.swift; sourceTree = "<group>"; };
		1496D2702C2ED98E00BE5F88 /* SceneDelegate.swift */ = {isa = PBXFileReference; lastKnownFileType = sourcecode.swift; path = SceneDelegate.swift; sourceTree = "<group>"; };
		1496D2722C2ED98E00BE5F88 /* ViewController.swift */ = {isa = PBXFileReference; lastKnownFileType = sourcecode.swift; path = ViewController.swift; sourceTree = "<group>"; };
		1496D2752C2ED98E00BE5F88 /* Base */ = {isa = PBXFileReference; lastKnownFileType = file.storyboard; name = Base; path = Base.lproj/Main.storyboard; sourceTree = "<group>"; };
		1496D2772C2ED98F00BE5F88 /* Assets.xcassets */ = {isa = PBXFileReference; lastKnownFileType = folder.assetcatalog; path = Assets.xcassets; sourceTree = "<group>"; };
		1496D27A2C2ED98F00BE5F88 /* Base */ = {isa = PBXFileReference; lastKnownFileType = file.storyboard; name = Base; path = Base.lproj/LaunchScreen.storyboard; sourceTree = "<group>"; };
		1496D27C2C2ED98F00BE5F88 /* Info.plist */ = {isa = PBXFileReference; lastKnownFileType = text.plist.xml; path = Info.plist; sourceTree = "<group>"; };
		14D70B8C2C2EDABB00262F66 /* MoneyActionsViewController.swift */ = {isa = PBXFileReference; lastKnownFileType = sourcecode.swift; path = MoneyActionsViewController.swift; sourceTree = "<group>"; };
		14D70B8E2C2EDB5500262F66 /* CustomTableViewCell.swift */ = {isa = PBXFileReference; lastKnownFileType = sourcecode.swift; path = CustomTableViewCell.swift; sourceTree = "<group>"; };
		14D70B902C2EDBB700262F66 /* Model.swift */ = {isa = PBXFileReference; lastKnownFileType = sourcecode.swift; path = Model.swift; sourceTree = "<group>"; };
		15956B42ABFE6A6D9BBB8516 /* Pods-BankApp2.debug.xcconfig */ = {isa = PBXFileReference; includeInIndex = 1; lastKnownFileType = text.xcconfig; name = "Pods-BankApp2.debug.xcconfig"; path = "Target Support Files/Pods-BankApp2/Pods-BankApp2.debug.xcconfig"; sourceTree = "<group>"; };
		62832E9E2083ABD2348A44F0 /* Pods-BankApp2.release.xcconfig */ = {isa = PBXFileReference; includeInIndex = 1; lastKnownFileType = text.xcconfig; name = "Pods-BankApp2.release.xcconfig"; path = "Target Support Files/Pods-BankApp2/Pods-BankApp2.release.xcconfig"; sourceTree = "<group>"; };
		A4714EE0FDAF3F1F909973E2 /* Pods_BankApp2.framework */ = {isa = PBXFileReference; explicitFileType = wrapper.framework; includeInIndex = 0; path = Pods_BankApp2.framework; sourceTree = BUILT_PRODUCTS_DIR; };
/* End PBXFileReference section */

/* Begin PBXFrameworksBuildPhase section */
		1496D2682C2ED98E00BE5F88 /* Frameworks */ = {
			isa = PBXFrameworksBuildPhase;
			buildActionMask = 2147483647;
			files = (
				A75234B738E02E72D773D858 /* Pods_BankApp2.framework in Frameworks */,
			);
			runOnlyForDeploymentPostprocessing = 0;
		};
/* End PBXFrameworksBuildPhase section */

/* Begin PBXGroup section */
		1496D2622C2ED98E00BE5F88 = {
			isa = PBXGroup;
			children = (
				1496D26D2C2ED98E00BE5F88 /* BankApp2 */,
				1496D26C2C2ED98E00BE5F88 /* Products */,
				F371497B645629F3AA5CCF07 /* Pods */,
				AC712D689419281D62B9F8EF /* Frameworks */,
			);
			sourceTree = "<group>";
		};
		1496D26C2C2ED98E00BE5F88 /* Products */ = {
			isa = PBXGroup;
			children = (
				1496D26B2C2ED98E00BE5F88 /* BankApp2.app */,
			);
			name = Products;
			sourceTree = "<group>";
		};
		1496D26D2C2ED98E00BE5F88 /* BankApp2 */ = {
			isa = PBXGroup;
			children = (
				1496D26E2C2ED98E00BE5F88 /* AppDelegate.swift */,
				1496D2702C2ED98E00BE5F88 /* SceneDelegate.swift */,
				1496D2722C2ED98E00BE5F88 /* ViewController.swift */,
				14D70B8C2C2EDABB00262F66 /* MoneyActionsViewController.swift */,
				14D70B8E2C2EDB5500262F66 /* CustomTableViewCell.swift */,
				14D70B902C2EDBB700262F66 /* Model.swift */,
				1496D2742C2ED98E00BE5F88 /* Main.storyboard */,
				1496D2772C2ED98F00BE5F88 /* Assets.xcassets */,
				1496D2792C2ED98F00BE5F88 /* LaunchScreen.storyboard */,
				1496D27C2C2ED98F00BE5F88 /* Info.plist */,
			);
			path = BankApp2;
			sourceTree = "<group>";
		};
		AC712D689419281D62B9F8EF /* Frameworks */ = {
			isa = PBXGroup;
			children = (
				A4714EE0FDAF3F1F909973E2 /* Pods_BankApp2.framework */,
			);
			name = Frameworks;
			sourceTree = "<group>";
		};
		F371497B645629F3AA5CCF07 /* Pods */ = {
			isa = PBXGroup;
			children = (
				15956B42ABFE6A6D9BBB8516 /* Pods-BankApp2.debug.xcconfig */,
				62832E9E2083ABD2348A44F0 /* Pods-BankApp2.release.xcconfig */,
			);
			path = Pods;
			sourceTree = "<group>";
		};
/* End PBXGroup section */

/* Begin PBXNativeTarget section */
		1496D26A2C2ED98E00BE5F88 /* BankApp2 */ = {
			isa = PBXNativeTarget;
			buildConfigurationList = 1496D27F2C2ED98F00BE5F88 /* Build configuration list for PBXNativeTarget "BankApp2" */;
			buildPhases = (
				84248F2CC1C289173C689190 /* [CP] Check Pods Manifest.lock */,
				1496D2672C2ED98E00BE5F88 /* Sources */,
				1496D2682C2ED98E00BE5F88 /* Frameworks */,
				1496D2692C2ED98E00BE5F88 /* Resources */,
				762F74524755E87238154040 /* [CP] Embed Pods Frameworks */,
			);
			buildRules = (
			);
			dependencies = (
			);
			name = BankApp2;
			productName = BankApp2;
			productReference = 1496D26B2C2ED98E00BE5F88 /* BankApp2.app */;
			productType = "com.apple.product-type.application";
		};
/* End PBXNativeTarget section */

/* Begin PBXProject section */
		1496D2632C2ED98E00BE5F88 /* Project object */ = {
			isa = PBXProject;
			attributes = {
				BuildIndependentTargetsInParallel = 1;
				LastSwiftUpdateCheck = 1530;
				LastUpgradeCheck = 1530;
				TargetAttributes = {
					1496D26A2C2ED98E00BE5F88 = {
						CreatedOnToolsVersion = 15.3;
					};
				};
			};
			buildConfigurationList = 1496D2662C2ED98E00BE5F88 /* Build configuration list for PBXProject "BankApp2" */;
			compatibilityVersion = "Xcode 14.0";
			developmentRegion = en;
			hasScannedForEncodings = 0;
			knownRegions = (
				en,
				Base,
			);
			mainGroup = 1496D2622C2ED98E00BE5F88;
			productRefGroup = 1496D26C2C2ED98E00BE5F88 /* Products */;
			projectDirPath = "";
			projectRoot = "";
			targets = (
				1496D26A2C2ED98E00BE5F88 /* BankApp2 */,
			);
		};
/* End PBXProject section */

/* Begin PBXResourcesBuildPhase section */
		1496D2692C2ED98E00BE5F88 /* Resources */ = {
			isa = PBXResourcesBuildPhase;
			buildActionMask = 2147483647;
			files = (
				1496D2782C2ED98F00BE5F88 /* Assets.xcassets in Resources */,
				1496D27B2C2ED98F00BE5F88 /* Base in Resources */,
				1496D2762C2ED98E00BE5F88 /* Base in Resources */,
			);
			runOnlyForDeploymentPostprocessing = 0;
		};
/* End PBXResourcesBuildPhase section */

/* Begin PBXShellScriptBuildPhase section */
		762F74524755E87238154040 /* [CP] Embed Pods Frameworks */ = {
			isa = PBXShellScriptBuildPhase;
			buildActionMask = 2147483647;
			files = (
			);
			inputFileListPaths = (
				"${PODS_ROOT}/Target Support Files/Pods-BankApp2/Pods-BankApp2-frameworks-${CONFIGURATION}-input-files.xcfilelist",
			);
			name = "[CP] Embed Pods Frameworks";
			outputFileListPaths = (
				"${PODS_ROOT}/Target Support Files/Pods-BankApp2/Pods-BankApp2-frameworks-${CONFIGURATION}-output-files.xcfilelist",
			);
			runOnlyForDeploymentPostprocessing = 0;
			shellPath = /bin/sh;
			shellScript = "\"${PODS_ROOT}/Target Support Files/Pods-BankApp2/Pods-BankApp2-frameworks.sh\"\n";
			showEnvVarsInLog = 0;
		};
		84248F2CC1C289173C689190 /* [CP] Check Pods Manifest.lock */ = {
			isa = PBXShellScriptBuildPhase;
			buildActionMask = 2147483647;
			files = (
			);
			inputFileListPaths = (
			);
			inputPaths = (
				"${PODS_PODFILE_DIR_PATH}/Podfile.lock",
				"${PODS_ROOT}/Manifest.lock",
			);
			name = "[CP] Check Pods Manifest.lock";
			outputFileListPaths = (
			);
			outputPaths = (
				"$(DERIVED_FILE_DIR)/Pods-BankApp2-checkManifestLockResult.txt",
			);
			runOnlyForDeploymentPostprocessing = 0;
			shellPath = /bin/sh;
			shellScript = "diff \"${PODS_PODFILE_DIR_PATH}/Podfile.lock\" \"${PODS_ROOT}/Manifest.lock\" > /dev/null\nif [ $? != 0 ] ; then\n    # print error to STDERR\n    echo \"error: The sandbox is not in sync with the Podfile.lock. Run 'pod install' or update your CocoaPods installation.\" >&2\n    exit 1\nfi\n# This output is used by Xcode 'outputs' to avoid re-running this script phase.\necho \"SUCCESS\" > \"${SCRIPT_OUTPUT_FILE_0}\"\n";
			showEnvVarsInLog = 0;
		};
/* End PBXShellScriptBuildPhase section */

/* Begin PBXSourcesBuildPhase section */
		1496D2672C2ED98E00BE5F88 /* Sources */ = {
			isa = PBXSourcesBuildPhase;
			buildActionMask = 2147483647;
			files = (
				1496D2732C2ED98E00BE5F88 /* ViewController.swift in Sources */,
				14D70B8F2C2EDB5500262F66 /* CustomTableViewCell.swift in Sources */,
				1496D26F2C2ED98E00BE5F88 /* AppDelegate.swift in Sources */,
				14D70B912C2EDBB700262F66 /* Model.swift in Sources */,
				14D70B8D2C2EDABB00262F66 /* MoneyActionsViewController.swift in Sources */,
				1496D2712C2ED98E00BE5F88 /* SceneDelegate.swift in Sources */,
			);
			runOnlyForDeploymentPostprocessing = 0;
		};
/* End PBXSourcesBuildPhase section */

/* Begin PBXVariantGroup section */
		1496D2742C2ED98E00BE5F88 /* Main.storyboard */ = {
			isa = PBXVariantGroup;
			children = (
				1496D2752C2ED98E00BE5F88 /* Base */,
			);
			name = Main.storyboard;
			sourceTree = "<group>";
		};
		1496D2792C2ED98F00BE5F88 /* LaunchScreen.storyboard */ = {
			isa = PBXVariantGroup;
			children = (
				1496D27A2C2ED98F00BE5F88 /* Base */,
			);
			name = LaunchScreen.storyboard;
			sourceTree = "<group>";
		};
/* End PBXVariantGroup section */

/* Begin XCBuildConfiguration section */
		1496D27D2C2ED98F00BE5F88 /* Debug */ = {
			isa = XCBuildConfiguration;
			buildSettings = {
				ALWAYS_SEARCH_USER_PATHS = NO;
				ASSETCATALOG_COMPILER_GENERATE_SWIFT_ASSET_SYMBOL_EXTENSIONS = YES;
				CLANG_ANALYZER_NONNULL = YES;
				CLANG_ANALYZER_NUMBER_OBJECT_CONVERSION = YES_AGGRESSIVE;
				CLANG_CXX_LANGUAGE_STANDARD = "gnu++20";
				CLANG_ENABLE_MODULES = YES;
				CLANG_ENABLE_OBJC_ARC = YES;
				CLANG_ENABLE_OBJC_WEAK = YES;
				CLANG_WARN_BLOCK_CAPTURE_AUTORELEASING = YES;
				CLANG_WARN_BOOL_CONVERSION = YES;
				CLANG_WARN_COMMA = YES;
				CLANG_WARN_CONSTANT_CONVERSION = YES;
				CLANG_WARN_DEPRECATED_OBJC_IMPLEMENTATIONS = YES;
				CLANG_WARN_DIRECT_OBJC_ISA_USAGE = YES_ERROR;
				CLANG_WARN_DOCUMENTATION_COMMENTS = YES;
				CLANG_WARN_EMPTY_BODY = YES;
				CLANG_WARN_ENUM_CONVERSION = YES;
				CLANG_WARN_INFINITE_RECURSION = YES;
				CLANG_WARN_INT_CONVERSION = YES;
				CLANG_WARN_NON_LITERAL_NULL_CONVERSION = YES;
				CLANG_WARN_OBJC_IMPLICIT_RETAIN_SELF = YES;
				CLANG_WARN_OBJC_LITERAL_CONVERSION = YES;
				CLANG_WARN_OBJC_ROOT_CLASS = YES_ERROR;
				CLANG_WARN_QUOTED_INCLUDE_IN_FRAMEWORK_HEADER = YES;
				CLANG_WARN_RANGE_LOOP_ANALYSIS = YES;
				CLANG_WARN_STRICT_PROTOTYPES = YES;
				CLANG_WARN_SUSPICIOUS_MOVE = YES;
				CLANG_WARN_UNGUARDED_AVAILABILITY = YES_AGGRESSIVE;
				CLANG_WARN_UNREACHABLE_CODE = YES;
				CLANG_WARN__DUPLICATE_METHOD_MATCH = YES;
				COPY_PHASE_STRIP = NO;
				DEBUG_INFORMATION_FORMAT = dwarf;
				ENABLE_STRICT_OBJC_MSGSEND = YES;
				ENABLE_TESTABILITY = YES;
				ENABLE_USER_SCRIPT_SANDBOXING = NO;
				GCC_C_LANGUAGE_STANDARD = gnu17;
				GCC_DYNAMIC_NO_PIC = NO;
				GCC_NO_COMMON_BLOCKS = YES;
				GCC_OPTIMIZATION_LEVEL = 0;
				GCC_PREPROCESSOR_DEFINITIONS = (
					"DEBUG=1",
					"$(inherited)",
				);
				GCC_WARN_64_TO_32_BIT_CONVERSION = YES;
				GCC_WARN_ABOUT_RETURN_TYPE = YES_ERROR;
				GCC_WARN_UNDECLARED_SELECTOR = YES;
				GCC_WARN_UNINITIALIZED_AUTOS = YES_AGGRESSIVE;
				GCC_WARN_UNUSED_FUNCTION = YES;
				GCC_WARN_UNUSED_VARIABLE = YES;
				IPHONEOS_DEPLOYMENT_TARGET = 17.4;
				LOCALIZATION_PREFERS_STRING_CATALOGS = YES;
				MTL_ENABLE_DEBUG_INFO = INCLUDE_SOURCE;
				MTL_FAST_MATH = YES;
				ONLY_ACTIVE_ARCH = YES;
				SDKROOT = iphoneos;
				SWIFT_ACTIVE_COMPILATION_CONDITIONS = "DEBUG $(inherited)";
				SWIFT_OPTIMIZATION_LEVEL = "-Onone";
			};
			name = Debug;
		};
		1496D27E2C2ED98F00BE5F88 /* Release */ = {
			isa = XCBuildConfiguration;
			buildSettings = {
				ALWAYS_SEARCH_USER_PATHS = NO;
				ASSETCATALOG_COMPILER_GENERATE_SWIFT_ASSET_SYMBOL_EXTENSIONS = YES;
				CLANG_ANALYZER_NONNULL = YES;
				CLANG_ANALYZER_NUMBER_OBJECT_CONVERSION = YES_AGGRESSIVE;
				CLANG_CXX_LANGUAGE_STANDARD = "gnu++20";
				CLANG_ENABLE_MODULES = YES;
				CLANG_ENABLE_OBJC_ARC = YES;
				CLANG_ENABLE_OBJC_WEAK = YES;
				CLANG_WARN_BLOCK_CAPTURE_AUTORELEASING = YES;
				CLANG_WARN_BOOL_CONVERSION = YES;
				CLANG_WARN_COMMA = YES;
				CLANG_WARN_CONSTANT_CONVERSION = YES;
				CLANG_WARN_DEPRECATED_OBJC_IMPLEMENTATIONS = YES;
				CLANG_WARN_DIRECT_OBJC_ISA_USAGE = YES_ERROR;
				CLANG_WARN_DOCUMENTATION_COMMENTS = YES;
				CLANG_WARN_EMPTY_BODY = YES;
				CLANG_WARN_ENUM_CONVERSION = YES;
				CLANG_WARN_INFINITE_RECURSION = YES;
				CLANG_WARN_INT_CONVERSION = YES;
				CLANG_WARN_NON_LITERAL_NULL_CONVERSION = YES;
				CLANG_WARN_OBJC_IMPLICIT_RETAIN_SELF = YES;
				CLANG_WARN_OBJC_LITERAL_CONVERSION = YES;
				CLANG_WARN_OBJC_ROOT_CLASS = YES_ERROR;
				CLANG_WARN_QUOTED_INCLUDE_IN_FRAMEWORK_HEADER = YES;
				CLANG_WARN_RANGE_LOOP_ANALYSIS = YES;
				CLANG_WARN_STRICT_PROTOTYPES = YES;
				CLANG_WARN_SUSPICIOUS_MOVE = YES;
				CLANG_WARN_UNGUARDED_AVAILABILITY = YES_AGGRESSIVE;
				CLANG_WARN_UNREACHABLE_CODE = YES;
				CLANG_WARN__DUPLICATE_METHOD_MATCH = YES;
				COPY_PHASE_STRIP = NO;
				DEBUG_INFORMATION_FORMAT = "dwarf-with-dsym";
				ENABLE_NS_ASSERTIONS = NO;
				ENABLE_STRICT_OBJC_MSGSEND = YES;
				ENABLE_USER_SCRIPT_SANDBOXING = NO;
				GCC_C_LANGUAGE_STANDARD = gnu17;
				GCC_NO_COMMON_BLOCKS = YES;
				GCC_WARN_64_TO_32_BIT_CONVERSION = YES;
				GCC_WARN_ABOUT_RETURN_TYPE = YES_ERROR;
				GCC_WARN_UNDECLARED_SELECTOR = YES;
				GCC_WARN_UNINITIALIZED_AUTOS = YES_AGGRESSIVE;
				GCC_WARN_UNUSED_FUNCTION = YES;
				GCC_WARN_UNUSED_VARIABLE = YES;
				IPHONEOS_DEPLOYMENT_TARGET = 17.4;
				LOCALIZATION_PREFERS_STRING_CATALOGS = YES;
				MTL_ENABLE_DEBUG_INFO = NO;
				MTL_FAST_MATH = YES;
				SDKROOT = iphoneos;
				SWIFT_COMPILATION_MODE = wholemodule;
				VALIDATE_PRODUCT = YES;
			};
			name = Release;
		};
		1496D2802C2ED98F00BE5F88 /* Debug */ = {
			isa = XCBuildConfiguration;
			baseConfigurationReference = 15956B42ABFE6A6D9BBB8516 /* Pods-BankApp2.debug.xcconfig */;
			buildSettings = {
				ASSETCATALOG_COMPILER_APPICON_NAME = AppIcon;
				ASSETCATALOG_COMPILER_GLOBAL_ACCENT_COLOR_NAME = AccentColor;
				CODE_SIGN_STYLE = Automatic;
				CURRENT_PROJECT_VERSION = 1;
				DEVELOPMENT_TEAM = MJWJ56W7J5;
				GENERATE_INFOPLIST_FILE = YES;
				INFOPLIST_FILE = BankApp2/Info.plist;
				INFOPLIST_KEY_UIApplicationSupportsIndirectInputEvents = YES;
				INFOPLIST_KEY_UILaunchStoryboardName = LaunchScreen;
				INFOPLIST_KEY_UIMainStoryboardFile = Main;
				INFOPLIST_KEY_UISupportedInterfaceOrientations_iPad = "UIInterfaceOrientationPortrait UIInterfaceOrientationPortraitUpsideDown UIInterfaceOrientationLandscapeLeft UIInterfaceOrientationLandscapeRight";
				INFOPLIST_KEY_UISupportedInterfaceOrientations_iPhone = "UIInterfaceOrientationPortrait UIInterfaceOrientationLandscapeLeft UIInterfaceOrientationLandscapeRight";
				LD_RUNPATH_SEARCH_PATHS = (
					"$(inherited)",
					"@executable_path/Frameworks",
				);
				MARKETING_VERSION = 1.0;
				PRODUCT_BUNDLE_IDENTIFIER = MAG.BankApp2;
				PRODUCT_NAME = "$(TARGET_NAME)";
				SWIFT_EMIT_LOC_STRINGS = YES;
				SWIFT_VERSION = 5.0;
				TARGETED_DEVICE_FAMILY = "1,2";
			};
			name = Debug;
		};
		1496D2812C2ED98F00BE5F88 /* Release */ = {
			isa = XCBuildConfiguration;
			baseConfigurationReference = 62832E9E2083ABD2348A44F0 /* Pods-BankApp2.release.xcconfig */;
			buildSettings = {
				ASSETCATALOG_COMPILER_APPICON_NAME = AppIcon;
				ASSETCATALOG_COMPILER_GLOBAL_ACCENT_COLOR_NAME = AccentColor;
				CODE_SIGN_STYLE = Automatic;
				CURRENT_PROJECT_VERSION = 1;
				DEVELOPMENT_TEAM = MJWJ56W7J5;
				GENERATE_INFOPLIST_FILE = YES;
				INFOPLIST_FILE = BankApp2/Info.plist;
				INFOPLIST_KEY_UIApplicationSupportsIndirectInputEvents = YES;
				INFOPLIST_KEY_UILaunchStoryboardName = LaunchScreen;
				INFOPLIST_KEY_UIMainStoryboardFile = Main;
				INFOPLIST_KEY_UISupportedInterfaceOrientations_iPad = "UIInterfaceOrientationPortrait UIInterfaceOrientationPortraitUpsideDown UIInterfaceOrientationLandscapeLeft UIInterfaceOrientationLandscapeRight";
				INFOPLIST_KEY_UISupportedInterfaceOrientations_iPhone = "UIInterfaceOrientationPortrait UIInterfaceOrientationLandscapeLeft UIInterfaceOrientationLandscapeRight";
				LD_RUNPATH_SEARCH_PATHS = (
					"$(inherited)",
					"@executable_path/Frameworks",
				);
				MARKETING_VERSION = 1.0;
				PRODUCT_BUNDLE_IDENTIFIER = MAG.BankApp2;
				PRODUCT_NAME = "$(TARGET_NAME)";
				SWIFT_EMIT_LOC_STRINGS = YES;
				SWIFT_VERSION = 5.0;
				TARGETED_DEVICE_FAMILY = "1,2";
			};
			name = Release;
		};
/* End XCBuildConfiguration section */

/* Begin XCConfigurationList section */
		1496D2662C2ED98E00BE5F88 /* Build configuration list for PBXProject "BankApp2" */ = {
			isa = XCConfigurationList;
			buildConfigurations = (
				1496D27D2C2ED98F00BE5F88 /* Debug */,
				1496D27E2C2ED98F00BE5F88 /* Release */,
			);
			defaultConfigurationIsVisible = 0;
			defaultConfigurationName = Release;
		};
		1496D27F2C2ED98F00BE5F88 /* Build configuration list for PBXNativeTarget "BankApp2" */ = {
			isa = XCConfigurationList;
			buildConfigurations = (
				1496D2802C2ED98F00BE5F88 /* Debug */,
				1496D2812C2ED98F00BE5F88 /* Release */,
			);
			defaultConfigurationIsVisible = 0;
			defaultConfigurationName = Release;
		};
/* End XCConfigurationList section */
	};
	rootObject = 1496D2632C2ED98E00BE5F88 /* Project object */;
}
